
Microsoft Visual Studio Solution File, Format Version 12.00
# Visual Studio Version 17
VisualStudioVersion = 17.1.32228.430
MinimumVisualStudioVersion = 10.0.40219.1
Project("{8BC9CEB8-8B4A-11D0-8D11-00A0C91BC942}") = "Classes and objects2", "Classes and objects2\Classes and objects2.vcxproj", "{9CED9439-2BB8-4BEC-B128-F95443656879}"
EndProject
Global
	GlobalSection(SolutionConfigurationPlatforms) = preSolution
		Debug|x64 = Debug|x64
		Debug|x86 = Debug|x86
		Release|x64 = Release|x64
		Release|x86 = Release|x86
	EndGlobalSection
	GlobalSection(ProjectConfigurationPlatforms) = postSolution
		{9CED9439-2BB8-4BEC-B128-F95443656879}.Debug|x64.ActiveCfg = Debug|x64
		{9CED9439-2BB8-4BEC-B128-F95443656879}.Debug|x64.Build.0 = Debug|x64
		{9CED9439-2BB8-4BEC-B128-F95443656879}.Debug|x86.ActiveCfg = Debug|Win32
		{9CED9439-2BB8-4BEC-B128-F95443656879}.Debug|x86.Build.0 = Debug|Win32
		{9CED9439-2BB8-4BEC-B128-F95443656879}.Release|x64.ActiveCfg = Release|x64
		{9CED9439-2BB8-4BEC-B128-F95443656879}.Release|x64.Build.0 = Release|x64
		{9CED9439-2BB8-4BEC-B128-F95443656879}.Release|x86.ActiveCfg = Release|Win32
		{9CED9439-2BB8-4BEC-B128-F95443656879}.Release|x86.Build.0 = Release|Win32
	EndGlobalSection
	GlobalSection(SolutionProperties) = preSolution
		HideSolutionNode = FALSE
	EndGlobalSection
	GlobalSection(ExtensibilityGlobals) = postSolution
		SolutionGuid = {4C8FCB05-A9F5-428B-89DE-A48B6B8B3DD8}
	EndGlobalSection
EndGlobal
